{
  "name": "7zip-bin",
  "version": "5.2.0",
  "lockfileVersion": 3,
  "requires": true,
  "packages": {
    "": {
      "name": "7zip-bin",
      "version": "5.2.0",
      "license": "MIT",
      "devDependencies": {
        "node-7z": "^3.0.0"
      }
    },
    "node_modules/debug": {
      "version": "4.4.3",
      "resolved": "https://registry.npmjs.org/debug/-/debug-4.4.3.tgz",
      "integrity": "sha512-RGwwWnwQvkVfavKVt22FGLw+xYSdzARwm0ru6DhTVA3umU5hZc28V3kO4stgYryrTlLpuvgI9GiijltAjNbcqA==",
      "dev": true,
      "license": "MIT",
      "dependencies": {
        "ms": "^2.1.3"
      },
      "engines": {
        "node": ">=6.0"
      },
      "peerDependenciesMeta": {
        "supports-color": {
          "optional": true
        }
      }
    },
    "node_modules/lodash.defaultsdeep": {
      "version": "4.6.1",
      "resolved": "https://registry.npmjs.org/lodash.defaultsdeep/-/lodash.defaultsdeep-4.6.1.tgz",
      "integrity": "sha512-3j8wdDzYuWO3lM3Reg03MuQR957t287Rpcxp1njpEa8oDrikb+FwGdW3n+FELh/A6qib6yPit0j/pv9G/yeAqA==",
      "dev": true,
      "license": "MIT"
    },
    "node_modules/lodash.defaultto": {
      "version": "4.14.0",
      "resolved": "https://registry.npmjs.org/lodash.defaultto/-/lodash.defaultto-4.14.0.tgz",
      "integrity": "sha512-G6tizqH6rg4P5j32Wy4Z3ZIip7OfG8YWWlPFzUFGcYStH1Ld0l1tWs6NevEQNEDnO1M3NZYjuHuraaFSN5WqeQ==",
      "dev": true,
      "license": "MIT"
    },
    "node_modules/lodash.flattendeep": {
      "version": "4.4.0",
      "resolved": "https://registry.npmjs.org/lodash.flattendeep/-/lodash.flattendeep-4.4.0.tgz",
      "integrity": "sha512-uHaJFihxmJcEX3kT4I23ABqKKalJ/zDrDg0lsFtc1h+3uw49SIJ5beyhx5ExVRti3AvKoOJngIj7xz3oylPdWQ==",
      "dev": true,
      "license": "MIT"
    },
    "node_modules/lodash.isempty": {
      "version": "4.4.0",
      "resolved": "https://registry.npmjs.org/lodash.isempty/-/lodash.isempty-4.4.0.tgz",
      "integrity": "sha512-oKMuF3xEeqDltrGMfDxAPGIVMSSRv8tbRSODbrs4KGsRRLEhrW8N8Rd4DRgB2+621hY8A8XwwrTVhXWpxFvMzg==",
      "dev": true,
      "license": "MIT"
    },
    "node_modules/lodash.negate": {
      "version": "3.0.2",
      "resolved": "https://registry.npmjs.org/lodash.negate/-/lodash.negate-3.0.2.tgz",
      "integrity": "sha512-JGJYYVslKYC0tRMm/7igfdHulCjoXjoganRNWM8AgS+RXfOvFnPkOveDhPI65F9aAypCX9QEEQoBqWf7Q6uAeA==",
      "dev": true,
      "license": "MIT"
    },
    "node_modules/ms": {
      "version": "2.1.3",
      "resolved": "https://registry.npmjs.org/ms/-/ms-2.1.3.tgz",
      "integrity": "sha512-6FlzubTLZG3J2a/NVCAleEhjzq5oxgHyaCU9yYXvcLsvoVaHJq/s5xXI6/XXP6tz7R9xAOtHnSO/tXtF3WRTlA==",
      "dev": true,
      "license": "MIT"
    },
    "node_modules/node-7z": {
      "version": "3.0.0",
      "resolved": "https://registry.npmjs.org/node-7z/-/node-7z-3.0.0.tgz",
      "integrity": "sha512-KIznWSxIkOYO/vOgKQfJEaXd7rgoFYKZbaurainCEdMhYc7V7mRHX+qdf2HgbpQFcdJL/Q6/XOPrDLoBeTfuZA==",
      "dev": true,
      "license": "ISC",
      "dependencies": {
        "debug": "^4.3.2",
        "lodash.defaultsdeep": "^4.6.1",
        "lodash.defaultto": "^4.14.0",
        "lodash.flattendeep": "^4.4.0",
        "lodash.isempty": "^4.4.0",
        "lodash.negate": "^3.0.2",
        "normalize-path": "^3.0.0"
      },
      "engines": {
        "node": ">=10"
      }
    },
    "node_modules/normalize-path": {
      "version": "3.0.0",
      "resolved": "https://registry.npmjs.org/normalize-path/-/normalize-path-3.0.0.tgz",
      "integrity": "sha512-6eZs5Ls3WtCisHWp9S2GUy8dqkpGi4BVSz3GaqiE6ezub0512ESztXUwUB6C6IKbQkY2Pnb/mD4WYojCRwcwLA==",
      "dev": true,
      "license": "MIT",
      "engines": {
        "node": ">=0.10.0"
      }
    }
  }
}
